
Microsoft Visual Studio Solution File, Format Version 12.00
# Visual Studio Version 17
VisualStudioVersion = 17.0.31919.166
MinimumVisualStudioVersion = 10.0.40219.1
Project("{FAE04EC0-301F-11D3-BF4B-00C04F79EFBC}") = "CurrencyConverter", "CurrencyConverter.csproj", "{EB134950-5B56-4B1D-8398-29470E054B9B}"
EndProject
Project("{FAE04EC0-301F-11D3-BF4B-00C04F79EFBC}") = "CurrencyConverter.Tests", "..\CurrencyConverter.Tests\CurrencyConverter.Tests.csproj", "{D545EE89-CFFC-42B6-9FFC-CD7F79D17CF4}"
EndProject
Global
	GlobalSection(SolutionConfigurationPlatforms) = preSolution
		Debug|Any CPU = Debug|Any CPU
		Release|Any CPU = Release|Any CPU
	EndGlobalSection
	GlobalSection(ProjectConfigurationPlatforms) = postSolution
		{EB134950-5B56-4B1D-8398-29470E054B9B}.Debug|Any CPU.ActiveCfg = Debug|Any CPU
		{EB134950-5B56-4B1D-8398-29470E054B9B}.Debug|Any CPU.Build.0 = Debug|Any CPU
		{EB134950-5B56-4B1D-8398-29470E054B9B}.Release|Any CPU.ActiveCfg = Release|Any CPU
		{EB134950-5B56-4B1D-8398-29470E054B9B}.Release|Any CPU.Build.0 = Release|Any CPU
		{D545EE89-CFFC-42B6-9FFC-CD7F79D17CF4}.Debug|Any CPU.ActiveCfg = Debug|Any CPU
		{D545EE89-CFFC-42B6-9FFC-CD7F79D17CF4}.Debug|Any CPU.Build.0 = Debug|Any CPU
		{D545EE89-CFFC-42B6-9FFC-CD7F79D17CF4}.Release|Any CPU.ActiveCfg = Release|Any CPU
		{D545EE89-CFFC-42B6-9FFC-CD7F79D17CF4}.Release|Any CPU.Build.0 = Release|Any CPU
	EndGlobalSection
	GlobalSection(SolutionProperties) = preSolution
		HideSolutionNode = FALSE
	EndGlobalSection
	GlobalSection(ExtensibilityGlobals) = postSolution
		SolutionGuid = {581A3890-51A6-4A18-A88D-F43EEBBB2A55}
	EndGlobalSection
EndGlobal
